
Microsoft Visual Studio Solution File, Format Version 12.00
# Visual Studio 15
VisualStudioVersion = 15.0.27703.2047
MinimumVisualStudioVersion = 10.0.40219.1
Project("{9A19103F-16F7-4668-BE54-9A1E7A4F7556}") = "eShopApi", "eShopApi\eShopApi.csproj", "{BD8AA27A-EAC4-468E-A8B0-367430508B90}"
EndProject
Project("{9A19103F-16F7-4668-BE54-9A1E7A4F7556}") = "BusinessEntities", "..\Shared\BusinessEntities\BusinessEntities.csproj", "{0769E05C-D19F-4C51-8CC9-1B476B5F8821}"
EndProject
Project("{9A19103F-16F7-4668-BE54-9A1E7A4F7556}") = "SharedEntities", "..\Shared\SharedEntities\SharedEntities.csproj", "{E65932FB-6BDF-4AA3-B41C-9D3628CB2179}"
EndProject
Project("{9A19103F-16F7-4668-BE54-9A1E7A4F7556}") = "EntityDTO", "..\Shared\EntityDTO\EntityDTO.csproj", "{081736AB-0ED7-4E7F-818A-96523E975723}"
EndProject
Project("{2150E333-8FDC-42A3-9474-1A3956D46DE8}") = "Entities", "Entities", "{C302621A-2422-49BE-8D5C-30A3E1A3083A}"
EndProject
Project("{FAE04EC0-301F-11D3-BF4B-00C04F79EFBC}") = "Repositories", "Repositories\Repositories.csproj", "{850D94B4-4133-44D1-8C56-B993A11EDAE8}"
EndProject
Project("{FAE04EC0-301F-11D3-BF4B-00C04F79EFBC}") = "Facades", "Facades\Facades.csproj", "{BDBDFE82-FF67-4FE0-9BD3-60F3D2D8FA44}"
EndProject
Project("{2150E333-8FDC-42A3-9474-1A3956D46DE8}") = "Business Logic", "Business Logic", "{3D5FDE60-5037-4FC8-9230-5BF4B0E52D4C}"
EndProject
Project("{2150E333-8FDC-42A3-9474-1A3956D46DE8}") = "Resource Access", "Resource Access", "{52F6E787-2BB1-4D04-8F88-61FB658A2DE5}"
EndProject
Project("{2150E333-8FDC-42A3-9474-1A3956D46DE8}") = "Shared", "Shared", "{D55A6DD7-FD52-414C-B6AD-5A4A1AC7AC94}"
EndProject
Project("{9A19103F-16F7-4668-BE54-9A1E7A4F7556}") = "Endpoints", "Endpoints\Endpoints.csproj", "{4A36C147-F554-477F-9A55-5F1B0A6757C7}"
EndProject
Project("{2150E333-8FDC-42A3-9474-1A3956D46DE8}") = "API", "API", "{6DB68E43-FEEA-4CD9-9F28-EC9828EB6D6A}"
EndProject
Project("{FAE04EC0-301F-11D3-BF4B-00C04F79EFBC}") = "Infrastructure", "Infrastructure\Infrastructure.csproj", "{0A6437C7-04D0-459B-B3E6-0A7A5E9B5AF5}"
EndProject
Project("{2150E333-8FDC-42A3-9474-1A3956D46DE8}") = "Infrastructures", "Infrastructures", "{72D28639-B82B-4E8E-9051-8D6106541CF5}"
EndProject
Project("{9A19103F-16F7-4668-BE54-9A1E7A4F7556}") = "Managers", "BusinessLogic\Managers\Managers.csproj", "{6F24CB97-FC79-44A5-B421-019A87D325BC}"
EndProject
Project("{FAE04EC0-301F-11D3-BF4B-00C04F79EFBC}") = "Transactions", "Transactions\Transactions.csproj", "{4B1D09AB-4979-452B-86F9-52724FC3E2BB}"
EndProject
Project("{FAE04EC0-301F-11D3-BF4B-00C04F79EFBC}") = "ModelChangeTracking", "..\Shared\SharedLibraries\ModelChangeTracking\ModelChangeTracking.csproj", "{DA02AE6B-F680-4CB1-9EAF-67D80A902C9B}"
EndProject
Project("{2150E333-8FDC-42A3-9474-1A3956D46DE8}") = "Shared Entities", "Shared Entities", "{9CBA1A80-8B80-4818-87FE-0737797A5780}"
EndProject
Global
	GlobalSection(SolutionConfigurationPlatforms) = preSolution
		Debug|Any CPU = Debug|Any CPU
		Release|Any CPU = Release|Any CPU
	EndGlobalSection
	GlobalSection(ProjectConfigurationPlatforms) = postSolution
		{BD8AA27A-EAC4-468E-A8B0-367430508B90}.Debug|Any CPU.ActiveCfg = Debug|Any CPU
		{BD8AA27A-EAC4-468E-A8B0-367430508B90}.Debug|Any CPU.Build.0 = Debug|Any CPU
		{BD8AA27A-EAC4-468E-A8B0-367430508B90}.Release|Any CPU.ActiveCfg = Release|Any CPU
		{BD8AA27A-EAC4-468E-A8B0-367430508B90}.Release|Any CPU.Build.0 = Release|Any CPU
		{0769E05C-D19F-4C51-8CC9-1B476B5F8821}.Debug|Any CPU.ActiveCfg = Debug|Any CPU
		{0769E05C-D19F-4C51-8CC9-1B476B5F8821}.Debug|Any CPU.Build.0 = Debug|Any CPU
		{0769E05C-D19F-4C51-8CC9-1B476B5F8821}.Release|Any CPU.ActiveCfg = Release|Any CPU
		{0769E05C-D19F-4C51-8CC9-1B476B5F8821}.Release|Any CPU.Build.0 = Release|Any CPU
		{E65932FB-6BDF-4AA3-B41C-9D3628CB2179}.Debug|Any CPU.ActiveCfg = Debug|Any CPU
		{E65932FB-6BDF-4AA3-B41C-9D3628CB2179}.Debug|Any CPU.Build.0 = Debug|Any CPU
		{E65932FB-6BDF-4AA3-B41C-9D3628CB2179}.Release|Any CPU.ActiveCfg = Release|Any CPU
		{E65932FB-6BDF-4AA3-B41C-9D3628CB2179}.Release|Any CPU.Build.0 = Release|Any CPU
		{081736AB-0ED7-4E7F-818A-96523E975723}.Debug|Any CPU.ActiveCfg = Debug|Any CPU
		{081736AB-0ED7-4E7F-818A-96523E975723}.Debug|Any CPU.Build.0 = Debug|Any CPU
		{081736AB-0ED7-4E7F-818A-96523E975723}.Release|Any CPU.ActiveCfg = Release|Any CPU
		{081736AB-0ED7-4E7F-818A-96523E975723}.Release|Any CPU.Build.0 = Release|Any CPU
		{850D94B4-4133-44D1-8C56-B993A11EDAE8}.Debug|Any CPU.ActiveCfg = Debug|Any CPU
		{850D94B4-4133-44D1-8C56-B993A11EDAE8}.Debug|Any CPU.Build.0 = Debug|Any CPU
		{850D94B4-4133-44D1-8C56-B993A11EDAE8}.Release|Any CPU.ActiveCfg = Release|Any CPU
		{850D94B4-4133-44D1-8C56-B993A11EDAE8}.Release|Any CPU.Build.0 = Release|Any CPU
		{BDBDFE82-FF67-4FE0-9BD3-60F3D2D8FA44}.Debug|Any CPU.ActiveCfg = Debug|Any CPU
		{BDBDFE82-FF67-4FE0-9BD3-60F3D2D8FA44}.Debug|Any CPU.Build.0 = Debug|Any CPU
		{BDBDFE82-FF67-4FE0-9BD3-60F3D2D8FA44}.Release|Any CPU.ActiveCfg = Release|Any CPU
		{BDBDFE82-FF67-4FE0-9BD3-60F3D2D8FA44}.Release|Any CPU.Build.0 = Release|Any CPU
		{4A36C147-F554-477F-9A55-5F1B0A6757C7}.Debug|Any CPU.ActiveCfg = Debug|Any CPU
		{4A36C147-F554-477F-9A55-5F1B0A6757C7}.Debug|Any CPU.Build.0 = Debug|Any CPU
		{4A36C147-F554-477F-9A55-5F1B0A6757C7}.Release|Any CPU.ActiveCfg = Release|Any CPU
		{4A36C147-F554-477F-9A55-5F1B0A6757C7}.Release|Any CPU.Build.0 = Release|Any CPU
		{0A6437C7-04D0-459B-B3E6-0A7A5E9B5AF5}.Debug|Any CPU.ActiveCfg = Debug|Any CPU
		{0A6437C7-04D0-459B-B3E6-0A7A5E9B5AF5}.Debug|Any CPU.Build.0 = Debug|Any CPU
		{0A6437C7-04D0-459B-B3E6-0A7A5E9B5AF5}.Release|Any CPU.ActiveCfg = Release|Any CPU
		{0A6437C7-04D0-459B-B3E6-0A7A5E9B5AF5}.Release|Any CPU.Build.0 = Release|Any CPU
		{6F24CB97-FC79-44A5-B421-019A87D325BC}.Debug|Any CPU.ActiveCfg = Debug|Any CPU
		{6F24CB97-FC79-44A5-B421-019A87D325BC}.Debug|Any CPU.Build.0 = Debug|Any CPU
		{6F24CB97-FC79-44A5-B421-019A87D325BC}.Release|Any CPU.ActiveCfg = Release|Any CPU
		{6F24CB97-FC79-44A5-B421-019A87D325BC}.Release|Any CPU.Build.0 = Release|Any CPU
		{4B1D09AB-4979-452B-86F9-52724FC3E2BB}.Debug|Any CPU.ActiveCfg = Debug|Any CPU
		{4B1D09AB-4979-452B-86F9-52724FC3E2BB}.Debug|Any CPU.Build.0 = Debug|Any CPU
		{4B1D09AB-4979-452B-86F9-52724FC3E2BB}.Release|Any CPU.ActiveCfg = Release|Any CPU
		{4B1D09AB-4979-452B-86F9-52724FC3E2BB}.Release|Any CPU.Build.0 = Release|Any CPU
		{DA02AE6B-F680-4CB1-9EAF-67D80A902C9B}.Debug|Any CPU.ActiveCfg = Debug|Any CPU
		{DA02AE6B-F680-4CB1-9EAF-67D80A902C9B}.Debug|Any CPU.Build.0 = Debug|Any CPU
		{DA02AE6B-F680-4CB1-9EAF-67D80A902C9B}.Release|Any CPU.ActiveCfg = Release|Any CPU
		{DA02AE6B-F680-4CB1-9EAF-67D80A902C9B}.Release|Any CPU.Build.0 = Release|Any CPU
	EndGlobalSection
	GlobalSection(SolutionProperties) = preSolution
		HideSolutionNode = FALSE
	EndGlobalSection
	GlobalSection(NestedProjects) = preSolution
		{0769E05C-D19F-4C51-8CC9-1B476B5F8821} = {C302621A-2422-49BE-8D5C-30A3E1A3083A}
		{E65932FB-6BDF-4AA3-B41C-9D3628CB2179} = {D55A6DD7-FD52-414C-B6AD-5A4A1AC7AC94}
		{081736AB-0ED7-4E7F-818A-96523E975723} = {C302621A-2422-49BE-8D5C-30A3E1A3083A}
		{C302621A-2422-49BE-8D5C-30A3E1A3083A} = {D55A6DD7-FD52-414C-B6AD-5A4A1AC7AC94}
		{850D94B4-4133-44D1-8C56-B993A11EDAE8} = {52F6E787-2BB1-4D04-8F88-61FB658A2DE5}
		{BDBDFE82-FF67-4FE0-9BD3-60F3D2D8FA44} = {D55A6DD7-FD52-414C-B6AD-5A4A1AC7AC94}
		{4A36C147-F554-477F-9A55-5F1B0A6757C7} = {6DB68E43-FEEA-4CD9-9F28-EC9828EB6D6A}
		{0A6437C7-04D0-459B-B3E6-0A7A5E9B5AF5} = {72D28639-B82B-4E8E-9051-8D6106541CF5}
		{6F24CB97-FC79-44A5-B421-019A87D325BC} = {3D5FDE60-5037-4FC8-9230-5BF4B0E52D4C}
		{4B1D09AB-4979-452B-86F9-52724FC3E2BB} = {52F6E787-2BB1-4D04-8F88-61FB658A2DE5}
		{DA02AE6B-F680-4CB1-9EAF-67D80A902C9B} = {9CBA1A80-8B80-4818-87FE-0737797A5780}
		{9CBA1A80-8B80-4818-87FE-0737797A5780} = {D55A6DD7-FD52-414C-B6AD-5A4A1AC7AC94}
	EndGlobalSection
	GlobalSection(ExtensibilityGlobals) = postSolution
		SolutionGuid = {2F967CFB-5EEC-4AF4-A49E-6AB5CF5BB6AA}
	EndGlobalSection
EndGlobal
